
Microsoft Visual Studio Solution File, Format Version 12.00
# Visual Studio Version 17
VisualStudioVersion = 17.4.33213.308
MinimumVisualStudioVersion = 10.0.40219.1
Project("{FAE04EC0-301F-11D3-BF4B-00C04F79EFBC}") = "Week5logicalOperators", "Week5logicalOperators\Week5logicalOperators.csproj", "{60D230C6-C597-48AD-8785-BC88D2499026}"
EndProject
Project("{FAE04EC0-301F-11D3-BF4B-00C04F79EFBC}") = "ANDOperator", "ANDOperator\ANDOperator.csproj", "{5DE0D1E7-FD83-49D4-B79A-1BE5B5DE2AE3}"
EndProject
Project("{FAE04EC0-301F-11D3-BF4B-00C04F79EFBC}") = "OROperator", "OROperator\OROperator.csproj", "{5150290B-13B1-43B4-91AA-FDAB266EE087}"
EndProject
Project("{FAE04EC0-301F-11D3-BF4B-00C04F79EFBC}") = "ANDRanges", "ANDRanges\ANDRanges.csproj", "{9D204BDC-80F9-40B4-B69E-82176019242B}"
EndProject
Global
	GlobalSection(SolutionConfigurationPlatforms) = preSolution
		Debug|Any CPU = Debug|Any CPU
		Release|Any CPU = Release|Any CPU
	EndGlobalSection
	GlobalSection(ProjectConfigurationPlatforms) = postSolution
		{60D230C6-C597-48AD-8785-BC88D2499026}.Debug|Any CPU.ActiveCfg = Debug|Any CPU
		{60D230C6-C597-48AD-8785-BC88D2499026}.Debug|Any CPU.Build.0 = Debug|Any CPU
		{60D230C6-C597-48AD-8785-BC88D2499026}.Release|Any CPU.ActiveCfg = Release|Any CPU
		{60D230C6-C597-48AD-8785-BC88D2499026}.Release|Any CPU.Build.0 = Release|Any CPU
		{5DE0D1E7-FD83-49D4-B79A-1BE5B5DE2AE3}.Debug|Any CPU.ActiveCfg = Debug|Any CPU
		{5DE0D1E7-FD83-49D4-B79A-1BE5B5DE2AE3}.Debug|Any CPU.Build.0 = Debug|Any CPU
		{5DE0D1E7-FD83-49D4-B79A-1BE5B5DE2AE3}.Release|Any CPU.ActiveCfg = Release|Any CPU
		{5DE0D1E7-FD83-49D4-B79A-1BE5B5DE2AE3}.Release|Any CPU.Build.0 = Release|Any CPU
		{5150290B-13B1-43B4-91AA-FDAB266EE087}.Debug|Any CPU.ActiveCfg = Debug|Any CPU
		{5150290B-13B1-43B4-91AA-FDAB266EE087}.Debug|Any CPU.Build.0 = Debug|Any CPU
		{5150290B-13B1-43B4-91AA-FDAB266EE087}.Release|Any CPU.ActiveCfg = Release|Any CPU
		{5150290B-13B1-43B4-91AA-FDAB266EE087}.Release|Any CPU.Build.0 = Release|Any CPU
		{9D204BDC-80F9-40B4-B69E-82176019242B}.Debug|Any CPU.ActiveCfg = Debug|Any CPU
		{9D204BDC-80F9-40B4-B69E-82176019242B}.Debug|Any CPU.Build.0 = Debug|Any CPU
		{9D204BDC-80F9-40B4-B69E-82176019242B}.Release|Any CPU.ActiveCfg = Release|Any CPU
		{9D204BDC-80F9-40B4-B69E-82176019242B}.Release|Any CPU.Build.0 = Release|Any CPU
	EndGlobalSection
	GlobalSection(SolutionProperties) = preSolution
		HideSolutionNode = FALSE
	EndGlobalSection
	GlobalSection(ExtensibilityGlobals) = postSolution
		SolutionGuid = {165DE31D-5C01-4A1B-939D-7D73241EF23A}
	EndGlobalSection
EndGlobal
